
Microsoft Visual Studio Solution File, Format Version 12.00
# Visual Studio Version 16
VisualStudioVersion = 16.0.31410.357
MinimumVisualStudioVersion = 10.0.40219.1
Project("{8BC9CEB8-8B4A-11D0-8D11-00A0C91BC942}") = "Functions", "Functions.vcxproj", "{6C8B2263-837F-4D8D-9F46-5F4F65A5F403}"
EndProject
Project("{8BC9CEB8-8B4A-11D0-8D11-00A0C91BC942}") = "Function_2", "..\Function_2\Function_2.vcxproj", "{27DD96A5-EDEA-449E-A57F-6DC8F5148AEB}"
EndProject
Project("{8BC9CEB8-8B4A-11D0-8D11-00A0C91BC942}") = "CoompNamber1", "..\CoompNamber1\CoompNamber1.vcxproj", "{3E60AAFE-48C2-4B6D-83D0-FB4A5510EC77}"
EndProject
Global
	GlobalSection(SolutionConfigurationPlatforms) = preSolution
		Debug|x64 = Debug|x64
		Debug|x86 = Debug|x86
		Release|x64 = Release|x64
		Release|x86 = Release|x86
	EndGlobalSection
	GlobalSection(ProjectConfigurationPlatforms) = postSolution
		{6C8B2263-837F-4D8D-9F46-5F4F65A5F403}.Debug|x64.ActiveCfg = Debug|x64
		{6C8B2263-837F-4D8D-9F46-5F4F65A5F403}.Debug|x64.Build.0 = Debug|x64
		{6C8B2263-837F-4D8D-9F46-5F4F65A5F403}.Debug|x86.ActiveCfg = Debug|Win32
		{6C8B2263-837F-4D8D-9F46-5F4F65A5F403}.Debug|x86.Build.0 = Debug|Win32
		{6C8B2263-837F-4D8D-9F46-5F4F65A5F403}.Release|x64.ActiveCfg = Release|x64
		{6C8B2263-837F-4D8D-9F46-5F4F65A5F403}.Release|x64.Build.0 = Release|x64
		{6C8B2263-837F-4D8D-9F46-5F4F65A5F403}.Release|x86.ActiveCfg = Release|Win32
		{6C8B2263-837F-4D8D-9F46-5F4F65A5F403}.Release|x86.Build.0 = Release|Win32
		{27DD96A5-EDEA-449E-A57F-6DC8F5148AEB}.Debug|x64.ActiveCfg = Debug|x64
		{27DD96A5-EDEA-449E-A57F-6DC8F5148AEB}.Debug|x64.Build.0 = Debug|x64
		{27DD96A5-EDEA-449E-A57F-6DC8F5148AEB}.Debug|x86.ActiveCfg = Debug|Win32
		{27DD96A5-EDEA-449E-A57F-6DC8F5148AEB}.Debug|x86.Build.0 = Debug|Win32
		{27DD96A5-EDEA-449E-A57F-6DC8F5148AEB}.Release|x64.ActiveCfg = Release|x64
		{27DD96A5-EDEA-449E-A57F-6DC8F5148AEB}.Release|x64.Build.0 = Release|x64
		{27DD96A5-EDEA-449E-A57F-6DC8F5148AEB}.Release|x86.ActiveCfg = Release|Win32
		{27DD96A5-EDEA-449E-A57F-6DC8F5148AEB}.Release|x86.Build.0 = Release|Win32
		{3E60AAFE-48C2-4B6D-83D0-FB4A5510EC77}.Debug|x64.ActiveCfg = Debug|x64
		{3E60AAFE-48C2-4B6D-83D0-FB4A5510EC77}.Debug|x64.Build.0 = Debug|x64
		{3E60AAFE-48C2-4B6D-83D0-FB4A5510EC77}.Debug|x86.ActiveCfg = Debug|Win32
		{3E60AAFE-48C2-4B6D-83D0-FB4A5510EC77}.Debug|x86.Build.0 = Debug|Win32
		{3E60AAFE-48C2-4B6D-83D0-FB4A5510EC77}.Release|x64.ActiveCfg = Release|x64
		{3E60AAFE-48C2-4B6D-83D0-FB4A5510EC77}.Release|x64.Build.0 = Release|x64
		{3E60AAFE-48C2-4B6D-83D0-FB4A5510EC77}.Release|x86.ActiveCfg = Release|Win32
		{3E60AAFE-48C2-4B6D-83D0-FB4A5510EC77}.Release|x86.Build.0 = Release|Win32
	EndGlobalSection
	GlobalSection(SolutionProperties) = preSolution
		HideSolutionNode = FALSE
	EndGlobalSection
	GlobalSection(ExtensibilityGlobals) = postSolution
		SolutionGuid = {F98A4615-D8C4-46C7-AD45-862A64E27A51}
	EndGlobalSection
EndGlobal
